// !$*UTF8*$!
{
	archiveVersion = 1;
	classes = {
	};
	objectVersion = 77;
	objects = {

/* Begin PBXContainerItemProxy section */
		80EB17B82E22189E004B5638 /* PBXContainerItemProxy */ = {
			isa = PBXContainerItemProxy;
			containerPortal = 80EB17952E22189C004B5638 /* Project object */;
			proxyType = 1;
			remoteGlobalIDString = 80EB179C2E22189C004B5638;
			remoteInfo = NavigationGraph;
		};
		80EB17C22E22189E004B5638 /* PBXContainerItemProxy */ = {
			isa = PBXContainerItemProxy;
			containerPortal = 80EB17952E22189C004B5638 /* Project object */;
			proxyType = 1;
			remoteGlobalIDString = 80EB179C2E22189C004B5638;
			remoteInfo = NavigationGraph;
		};
/* End PBXContainerItemProxy section */

/* Begin PBXFileReference section */
		80EB179D2E22189C004B5638 /* NavigationGraph.app */ = {isa = PBXFileReference; explicitFileType = wrapper.application; includeInIndex = 0; path = NavigationGraph.app; sourceTree = BUILT_PRODUCTS_DIR; };
		80EB17B72E22189E004B5638 /* NavigationGraphTests.xctest */ = {isa = PBXFileReference; explicitFileType = wrapper.cfbundle; includeInIndex = 0; path = NavigationGraphTests.xctest; sourceTree = BUILT_PRODUCTS_DIR; };
		80EB17C12E22189E004B5638 /* NavigationGraphUITests.xctest */ = {isa = PBXFileReference; explicitFileType = wrapper.cfbundle; includeInIndex = 0; path = NavigationGraphUITests.xctest; sourceTree = BUILT_PRODUCTS_DIR; };
/* End PBXFileReference section */

/* Begin PBXFileSystemSynchronizedBuildFileExceptionSet section */
		80EB17C92E22189E004B5638 /* Exceptions for "NavigationGraph" folder in "NavigationGraph" target */ = {
			isa = PBXFileSystemSynchronizedBuildFileExceptionSet;
			membershipExceptions = (
				Info.plist,
			);
			target = 80EB179C2E22189C004B5638 /* NavigationGraph */;
		};
/* End PBXFileSystemSynchronizedBuildFileExceptionSet section */

/* Begin PBXFileSystemSynchronizedRootGroup section */
		80EB179F2E22189C004B5638 /* NavigationGraph */ = {
			isa = PBXFileSystemSynchronizedRootGroup;
			exceptions = (
				80EB17C92E22189E004B5638 /* Exceptions for "NavigationGraph" folder in "NavigationGraph" target */,
			);
			path = NavigationGraph;
			sourceTree = "<group>";
		};
		80EB17BA2E22189E004B5638 /* NavigationGraphTests */ = {
			isa = PBXFileSystemSynchronizedRootGroup;
			path = NavigationGraphTests;
			sourceTree = "<group>";
		};
		80EB17C42E22189E004B5638 /* NavigationGraphUITests */ = {
			isa = PBXFileSystemSynchronizedRootGroup;
			path = NavigationGraphUITests;
			sourceTree = "<group>";
		};
/* End PBXFileSystemSynchronizedRootGroup section */

/* Begin PBXFrameworksBuildPhase section */
		80EB179A2E22189C004B5638 /* Frameworks */ = {
			isa = PBXFrameworksBuildPhase;
			buildActionMask = 2147483647;
			files = (
			);
			runOnlyForDeploymentPostprocessing = 0;
		};
		80EB17B42E22189E004B5638 /* Frameworks */ = {
			isa = PBXFrameworksBuildPhase;
			buildActionMask = 2147483647;
			files = (
			);
			runOnlyForDeploymentPostprocessing = 0;
		};
		80EB17BE2E22189E004B5638 /* Frameworks */ = {
			isa = PBXFrameworksBuildPhase;
			buildActionMask = 2147483647;
			files = (
			);
			runOnlyForDeploymentPostprocessing = 0;
		};
/* End PBXFrameworksBuildPhase section */

/* Begin PBXGroup section */
		80EB17942E22189C004B5638 = {
			isa = PBXGroup;
			children = (
				80EB179F2E22189C004B5638 /* NavigationGraph */,
				80EB17BA2E22189E004B5638 /* NavigationGraphTests */,
				80EB17C42E22189E004B5638 /* NavigationGraphUITests */,
				80EB179E2E22189C004B5638 /* Products */,
			);
			sourceTree = "<group>";
		};
		80EB179E2E22189C004B5638 /* Products */ = {
			isa = PBXGroup;
			children = (
				80EB179D2E22189C004B5638 /* NavigationGraph.app */,
				80EB17B72E22189E004B5638 /* NavigationGraphTests.xctest */,
				80EB17C12E22189E004B5638 /* NavigationGraphUITests.xctest */,
			);
			name = Products;
			sourceTree = "<group>";
		};
/* End PBXGroup section */

/* Begin PBXNativeTarget section */
		80EB179C2E22189C004B5638 /* NavigationGraph */ = {
			isa = PBXNativeTarget;
			buildConfigurationList = 80EB17CA2E22189E004B5638 /* Build configuration list for PBXNativeTarget "NavigationGraph" */;
			buildPhases = (
				80EB17992E22189C004B5638 /* Sources */,
				80EB179A2E22189C004B5638 /* Frameworks */,
				80EB179B2E22189C004B5638 /* Resources */,
			);
			buildRules = (
			);
			dependencies = (
			);
			fileSystemSynchronizedGroups = (
				80EB179F2E22189C004B5638 /* NavigationGraph */,
			);
			name = NavigationGraph;
			packageProductDependencies = (
			);
			productName = NavigationGraph;
			productReference = 80EB179D2E22189C004B5638 /* NavigationGraph.app */;
			productType = "com.apple.product-type.application";
		};
		80EB17B62E22189E004B5638 /* NavigationGraphTests */ = {
			isa = PBXNativeTarget;
			buildConfigurationList = 80EB17CF2E22189E004B5638 /* Build configuration list for PBXNativeTarget "NavigationGraphTests" */;
			buildPhases = (
				80EB17B32E22189E004B5638 /* Sources */,
				80EB17B42E22189E004B5638 /* Frameworks */,
				80EB17B52E22189E004B5638 /* Resources */,
			);
			buildRules = (
			);
			dependencies = (
				80EB17B92E22189E004B5638 /* PBXTargetDependency */,
			);
			fileSystemSynchronizedGroups = (
				80EB17BA2E22189E004B5638 /* NavigationGraphTests */,
			);
			name = NavigationGraphTests;
			packageProductDependencies = (
			);
			productName = NavigationGraphTests;
			productReference = 80EB17B72E22189E004B5638 /* NavigationGraphTests.xctest */;
			productType = "com.apple.product-type.bundle.unit-test";
		};
		80EB17C02E22189E004B5638 /* NavigationGraphUITests */ = {
			isa = PBXNativeTarget;
			buildConfigurationList = 80EB17D22E22189E004B5638 /* Build configuration list for PBXNativeTarget "NavigationGraphUITests" */;
			buildPhases = (
				80EB17BD2E22189E004B5638 /* Sources */,
				80EB17BE2E22189E004B5638 /* Frameworks */,
				80EB17BF2E22189E004B5638 /* Resources */,
			);
			buildRules = (
			);
			dependencies = (
				80EB17C32E22189E004B5638 /* PBXTargetDependency */,
			);
			fileSystemSynchronizedGroups = (
				80EB17C42E22189E004B5638 /* NavigationGraphUITests */,
			);
			name = NavigationGraphUITests;
			packageProductDependencies = (
			);
			productName = NavigationGraphUITests;
			productReference = 80EB17C12E22189E004B5638 /* NavigationGraphUITests.xctest */;
			productType = "com.apple.product-type.bundle.ui-testing";
		};
/* End PBXNativeTarget section */

/* Begin PBXProject section */
		80EB17952E22189C004B5638 /* Project object */ = {
			isa = PBXProject;
			attributes = {
				BuildIndependentTargetsInParallel = 1;
				LastSwiftUpdateCheck = 2600;
				LastUpgradeCheck = 2600;
				TargetAttributes = {
					80EB179C2E22189C004B5638 = {
						CreatedOnToolsVersion = 26.0;
					};
					80EB17B62E22189E004B5638 = {
						CreatedOnToolsVersion = 26.0;
						TestTargetID = 80EB179C2E22189C004B5638;
					};
					80EB17C02E22189E004B5638 = {
						CreatedOnToolsVersion = 26.0;
						TestTargetID = 80EB179C2E22189C004B5638;
					};
				};
			};
			buildConfigurationList = 80EB17982E22189C004B5638 /* Build configuration list for PBXProject "NavigationGraph" */;
			developmentRegion = en;
			hasScannedForEncodings = 0;
			knownRegions = (
				en,
				Base,
			);
			mainGroup = 80EB17942E22189C004B5638;
			minimizedProjectReferenceProxies = 1;
			preferredProjectObjectVersion = 77;
			productRefGroup = 80EB179E2E22189C004B5638 /* Products */;
			projectDirPath = "";
			projectRoot = "";
			targets = (
				80EB179C2E22189C004B5638 /* NavigationGraph */,
				80EB17B62E22189E004B5638 /* NavigationGraphTests */,
				80EB17C02E22189E004B5638 /* NavigationGraphUITests */,
			);
		};
/* End PBXProject section */

/* Begin PBXResourcesBuildPhase section */
		80EB179B2E22189C004B5638 /* Resources */ = {
			isa = PBXResourcesBuildPhase;
			buildActionMask = 2147483647;
			files = (
			);
			runOnlyForDeploymentPostprocessing = 0;
		};
		80EB17B52E22189E004B5638 /* Resources */ = {
			isa = PBXResourcesBuildPhase;
			buildActionMask = 2147483647;
			files = (
			);
			runOnlyForDeploymentPostprocessing = 0;
		};
		80EB17BF2E22189E004B5638 /* Resources */ = {
			isa = PBXResourcesBuildPhase;
			buildActionMask = 2147483647;
			files = (
			);
			runOnlyForDeploymentPostprocessing = 0;
		};
/* End PBXResourcesBuildPhase section */

/* Begin PBXSourcesBuildPhase section */
		80EB17992E22189C004B5638 /* Sources */ = {
			isa = PBXSourcesBuildPhase;
			buildActionMask = 2147483647;
			files = (
			);
			runOnlyForDeploymentPostprocessing = 0;
		};
		80EB17B32E22189E004B5638 /* Sources */ = {
			isa = PBXSourcesBuildPhase;
			buildActionMask = 2147483647;
			files = (
			);
			runOnlyForDeploymentPostprocessing = 0;
		};
		80EB17BD2E22189E004B5638 /* Sources */ = {
			isa = PBXSourcesBuildPhase;
			buildActionMask = 2147483647;
			files = (
			);
			runOnlyForDeploymentPostprocessing = 0;
		};
/* End PBXSourcesBuildPhase section */

/* Begin PBXTargetDependency section */
		80EB17B92E22189E004B5638 /* PBXTargetDependency */ = {
			isa = PBXTargetDependency;
			target = 80EB179C2E22189C004B5638 /* NavigationGraph */;
			targetProxy = 80EB17B82E22189E004B5638 /* PBXContainerItemProxy */;
		};
		80EB17C32E22189E004B5638 /* PBXTargetDependency */ = {
			isa = PBXTargetDependency;
			target = 80EB179C2E22189C004B5638 /* NavigationGraph */;
			targetProxy = 80EB17C22E22189E004B5638 /* PBXContainerItemProxy */;
		};
/* End PBXTargetDependency section */

/* Begin XCBuildConfiguration section */
		80EB17CB2E22189E004B5638 /* Debug */ = {
			isa = XCBuildConfiguration;
			buildSettings = {
				ASSETCATALOG_COMPILER_APPICON_NAME = AppIcon;
				ASSETCATALOG_COMPILER_GLOBAL_ACCENT_COLOR_NAME = AccentColor;
				CODE_SIGN_ENTITLEMENTS = NavigationGraph/NavigationGraph.entitlements;
				CODE_SIGN_STYLE = Automatic;
				CURRENT_PROJECT_VERSION = 1;
				DEVELOPMENT_TEAM = L2JNG48FS5;
				GENERATE_INFOPLIST_FILE = YES;
				INFOPLIST_FILE = NavigationGraph/Info.plist;
				INFOPLIST_KEY_UIApplicationSupportsIndirectInputEvents = YES;
				INFOPLIST_KEY_UILaunchStoryboardName = LaunchScreen;
				INFOPLIST_KEY_UIMainStoryboardFile = Main;
				INFOPLIST_KEY_UISupportedInterfaceOrientations_iPad = "UIInterfaceOrientationPortrait UIInterfaceOrientationPortraitUpsideDown UIInterfaceOrientationLandscapeLeft UIInterfaceOrientationLandscapeRight";
				INFOPLIST_KEY_UISupportedInterfaceOrientations_iPhone = "UIInterfaceOrientationPortrait UIInterfaceOrientationLandscapeLeft UIInterfaceOrientationLandscapeRight";
				LD_RUNPATH_SEARCH_PATHS = (
					"$(inherited)",
					"@executable_path/Frameworks",
				);
				MARKETING_VERSION = 1.0;
				PRODUCT_BUNDLE_IDENTIFIER = com.straussmade.NavigationGraph;
				PRODUCT_NAME = "$(TARGET_NAME)";
				STRING_CATALOG_GENERATE_SYMBOLS = YES;
				SWIFT_DEFAULT_ACTOR_ISOLATION = MainActor;
				SWIFT_EMIT_LOC_STRINGS = YES;
				SWIFT_UPCOMING_FEATURE_MEMBER_IMPORT_VISIBILITY = YES;
				SWIFT_VERSION = 5.0;
				TARGETED_DEVICE_FAMILY = "1,2";
			};
			name = Debug;
		};
		80EB17CC2E22189E004B5638 /* Release */ = {
			isa = XCBuildConfiguration;
			buildSettings = {
				ASSETCATALOG_COMPILER_APPICON_NAME = AppIcon;
				ASSETCATALOG_COMPILER_GLOBAL_ACCENT_COLOR_NAME = AccentColor;
				CODE_SIGN_ENTITLEMENTS = NavigationGraph/NavigationGraph.entitlements;
				CODE_SIGN_STYLE = Automatic;
				CURRENT_PROJECT_VERSION = 1;
				DEVELOPMENT_TEAM = L2JNG48FS5;
				GENERATE_INFOPLIST_FILE = YES;
				INFOPLIST_FILE = NavigationGraph/Info.plist;
				INFOPLIST_KEY_UIApplicationSupportsIndirectInputEvents = YES;
				INFOPLIST_KEY_UILaunchStoryboardName = LaunchScreen;
				INFOPLIST_KEY_UIMainStoryboardFile = Main;
				INFOPLIST_KEY_UISupportedInterfaceOrientations_iPad = "UIInterfaceOrientationPortrait UIInterfaceOrientationPortraitUpsideDown UIInterfaceOrientationLandscapeLeft UIInterfaceOrientationLandscapeRight";
				INFOPLIST_KEY_UISupportedInterfaceOrientations_iPhone = "UIInterfaceOrientationPortrait UIInterfaceOrientationLandscapeLeft UIInterfaceOrientationLandscapeRight";
				LD_RUNPATH_SEARCH_PATHS = (
					"$(inherited)",
					"@executable_path/Frameworks",
				);
				MARKETING_VERSION = 1.0;
				PRODUCT_BUNDLE_IDENTIFIER = com.straussmade.NavigationGraph;
				PRODUCT_NAME = "$(TARGET_NAME)";
				STRING_CATALOG_GENERATE_SYMBOLS = YES;
				SWIFT_DEFAULT_ACTOR_ISOLATION = MainActor;
				SWIFT_EMIT_LOC_STRINGS = YES;
				SWIFT_UPCOMING_FEATURE_MEMBER_IMPORT_VISIBILITY = YES;
				SWIFT_VERSION = 5.0;
				TARGETED_DEVICE_FAMILY = "1,2";
			};
			name = Release;
		};
		80EB17CD2E22189E004B5638 /* Debug */ = {
			isa = XCBuildConfiguration;
			buildSettings = {
				ALWAYS_SEARCH_USER_PATHS = NO;
				ASSETCATALOG_COMPILER_GENERATE_SWIFT_ASSET_SYMBOL_EXTENSIONS = YES;
				CLANG_ANALYZER_NONNULL = YES;
				CLANG_ANALYZER_NUMBER_OBJECT_CONVERSION = YES_AGGRESSIVE;
				CLANG_CXX_LANGUAGE_STANDARD = "gnu++20";
				CLANG_ENABLE_MODULES = YES;
				CLANG_ENABLE_OBJC_ARC = YES;
				CLANG_ENABLE_OBJC_WEAK = YES;
				CLANG_WARN_BLOCK_CAPTURE_AUTORELEASING = YES;
				CLANG_WARN_BOOL_CONVERSION = YES;
				CLANG_WARN_COMMA = YES;
				CLANG_WARN_CONSTANT_CONVERSION = YES;
				CLANG_WARN_DEPRECATED_OBJC_IMPLEMENTATIONS = YES;
				CLANG_WARN_DIRECT_OBJC_ISA_USAGE = YES_ERROR;
				CLANG_WARN_DOCUMENTATION_COMMENTS = YES;
				CLANG_WARN_EMPTY_BODY = YES;
				CLANG_WARN_ENUM_CONVERSION = YES;
				CLANG_WARN_INFINITE_RECURSION = YES;
				CLANG_WARN_INT_CONVERSION = YES;
				CLANG_WARN_NON_LITERAL_NULL_CONVERSION = YES;
				CLANG_WARN_OBJC_IMPLICIT_RETAIN_SELF = YES;
				CLANG_WARN_OBJC_LITERAL_CONVERSION = YES;
				CLANG_WARN_OBJC_ROOT_CLASS = YES_ERROR;
				CLANG_WARN_QUOTED_INCLUDE_IN_FRAMEWORK_HEADER = YES;
				CLANG_WARN_RANGE_LOOP_ANALYSIS = YES;
				CLANG_WARN_STRICT_PROTOTYPES = YES;
				CLANG_WARN_SUSPICIOUS_MOVE = YES;
				CLANG_WARN_UNGUARDED_AVAILABILITY = YES_AGGRESSIVE;
				CLANG_WARN_UNREACHABLE_CODE = YES;
				CLANG_WARN__DUPLICATE_METHOD_MATCH = YES;
				COPY_PHASE_STRIP = NO;
				DEBUG_INFORMATION_FORMAT = dwarf;
				DEVELOPMENT_TEAM = L2JNG48FS5;
				ENABLE_STRICT_OBJC_MSGSEND = YES;
				ENABLE_TESTABILITY = YES;
				ENABLE_USER_SCRIPT_SANDBOXING = YES;
				GCC_C_LANGUAGE_STANDARD = gnu17;
				GCC_DYNAMIC_NO_PIC = NO;
				GCC_NO_COMMON_BLOCKS = YES;
				GCC_OPTIMIZATION_LEVEL = 0;
				GCC_PREPROCESSOR_DEFINITIONS = (
					"DEBUG=1",
					"$(inherited)",
				);
				GCC_WARN_64_TO_32_BIT_CONVERSION = YES;
				GCC_WARN_ABOUT_RETURN_TYPE = YES_ERROR;
				GCC_WARN_UNDECLARED_SELECTOR = YES;
				GCC_WARN_UNINITIALIZED_AUTOS = YES_AGGRESSIVE;
				GCC_WARN_UNUSED_FUNCTION = YES;
				GCC_WARN_UNUSED_VARIABLE = YES;
				IPHONEOS_DEPLOYMENT_TARGET = 26.0;
				LOCALIZATION_PREFERS_STRING_CATALOGS = YES;
				MTL_ENABLE_DEBUG_INFO = INCLUDE_SOURCE;
				MTL_FAST_MATH = YES;
				ONLY_ACTIVE_ARCH = YES;
				SDKROOT = iphoneos;
				SWIFT_ACTIVE_COMPILATION_CONDITIONS = "DEBUG $(inherited)";
				SWIFT_OPTIMIZATION_LEVEL = "-Onone";
			};
			name = Debug;
		};
		80EB17CE2E22189E004B5638 /* Release */ = {
			isa = XCBuildConfiguration;
			buildSettings = {
				ALWAYS_SEARCH_USER_PATHS = NO;
				ASSETCATALOG_COMPILER_GENERATE_SWIFT_ASSET_SYMBOL_EXTENSIONS = YES;
				CLANG_ANALYZER_NONNULL = YES;
				CLANG_ANALYZER_NUMBER_OBJECT_CONVERSION = YES_AGGRESSIVE;
				CLANG_CXX_LANGUAGE_STANDARD = "gnu++20";
				CLANG_ENABLE_MODULES = YES;
				CLANG_ENABLE_OBJC_ARC = YES;
				CLANG_ENABLE_OBJC_WEAK = YES;
				CLANG_WARN_BLOCK_CAPTURE_AUTORELEASING = YES;
				CLANG_WARN_BOOL_CONVERSION = YES;
				CLANG_WARN_COMMA = YES;
				CLANG_WARN_CONSTANT_CONVERSION = YES;
				CLANG_WARN_DEPRECATED_OBJC_IMPLEMENTATIONS = YES;
				CLANG_WARN_DIRECT_OBJC_ISA_USAGE = YES_ERROR;
				CLANG_WARN_DOCUMENTATION_COMMENTS = YES;
				CLANG_WARN_EMPTY_BODY = YES;
				CLANG_WARN_ENUM_CONVERSION = YES;
				CLANG_WARN_INFINITE_RECURSION = YES;
				CLANG_WARN_INT_CONVERSION = YES;
				CLANG_WARN_NON_LITERAL_NULL_CONVERSION = YES;
				CLANG_WARN_OBJC_IMPLICIT_RETAIN_SELF = YES;
				CLANG_WARN_OBJC_LITERAL_CONVERSION = YES;
				CLANG_WARN_OBJC_ROOT_CLASS = YES_ERROR;
				CLANG_WARN_QUOTED_INCLUDE_IN_FRAMEWORK_HEADER = YES;
				CLANG_WARN_RANGE_LOOP_ANALYSIS = YES;
				CLANG_WARN_STRICT_PROTOTYPES = YES;
				CLANG_WARN_SUSPICIOUS_MOVE = YES;
				CLANG_WARN_UNGUARDED_AVAILABILITY = YES_AGGRESSIVE;
				CLANG_WARN_UNREACHABLE_CODE = YES;
				CLANG_WARN__DUPLICATE_METHOD_MATCH = YES;
				COPY_PHASE_STRIP = NO;
				DEBUG_INFORMATION_FORMAT = "dwarf-with-dsym";
				DEVELOPMENT_TEAM = L2JNG48FS5;
				ENABLE_NS_ASSERTIONS = NO;
				ENABLE_STRICT_OBJC_MSGSEND = YES;
				ENABLE_USER_SCRIPT_SANDBOXING = YES;
				GCC_C_LANGUAGE_STANDARD = gnu17;
				GCC_NO_COMMON_BLOCKS = YES;
				GCC_WARN_64_TO_32_BIT_CONVERSION = YES;
				GCC_WARN_ABOUT_RETURN_TYPE = YES_ERROR;
				GCC_WARN_UNDECLARED_SELECTOR = YES;
				GCC_WARN_UNINITIALIZED_AUTOS = YES_AGGRESSIVE;
				GCC_WARN_UNUSED_FUNCTION = YES;
				GCC_WARN_UNUSED_VARIABLE = YES;
				IPHONEOS_DEPLOYMENT_TARGET = 26.0;
				LOCALIZATION_PREFERS_STRING_CATALOGS = YES;
				MTL_ENABLE_DEBUG_INFO = NO;
				MTL_FAST_MATH = YES;
				SDKROOT = iphoneos;
				SWIFT_COMPILATION_MODE = wholemodule;
				VALIDATE_PRODUCT = YES;
			};
			name = Release;
		};
		80EB17D02E22189E004B5638 /* Debug */ = {
			isa = XCBuildConfiguration;
			buildSettings = {
				BUNDLE_LOADER = "$(TEST_HOST)";
				CODE_SIGN_STYLE = Automatic;
				CURRENT_PROJECT_VERSION = 1;
				DEVELOPMENT_TEAM = L2JNG48FS5;
				GENERATE_INFOPLIST_FILE = YES;
				IPHONEOS_DEPLOYMENT_TARGET = 26.0;
				MARKETING_VERSION = 1.0;
				PRODUCT_BUNDLE_IDENTIFIER = com.straussmade.NavigationGraphTests;
				PRODUCT_NAME = "$(TARGET_NAME)";
				STRING_CATALOG_GENERATE_SYMBOLS = NO;
				SWIFT_EMIT_LOC_STRINGS = NO;
				SWIFT_UPCOMING_FEATURE_MEMBER_IMPORT_VISIBILITY = YES;
				SWIFT_VERSION = 5.0;
				TARGETED_DEVICE_FAMILY = "1,2";
				TEST_HOST = "$(BUILT_PRODUCTS_DIR)/NavigationGraph.app/$(BUNDLE_EXECUTABLE_FOLDER_PATH)/NavigationGraph";
			};
			name = Debug;
		};
		80EB17D12E22189E004B5638 /* Release */ = {
			isa = XCBuildConfiguration;
			buildSettings = {
				BUNDLE_LOADER = "$(TEST_HOST)";
				CODE_SIGN_STYLE = Automatic;
				CURRENT_PROJECT_VERSION = 1;
				DEVELOPMENT_TEAM = L2JNG48FS5;
				GENERATE_INFOPLIST_FILE = YES;
				IPHONEOS_DEPLOYMENT_TARGET = 26.0;
				MARKETING_VERSION = 1.0;
				PRODUCT_BUNDLE_IDENTIFIER = com.straussmade.NavigationGraphTests;
				PRODUCT_NAME = "$(TARGET_NAME)";
				STRING_CATALOG_GENERATE_SYMBOLS = NO;
				SWIFT_EMIT_LOC_STRINGS = NO;
				SWIFT_UPCOMING_FEATURE_MEMBER_IMPORT_VISIBILITY = YES;
				SWIFT_VERSION = 5.0;
				TARGETED_DEVICE_FAMILY = "1,2";
				TEST_HOST = "$(BUILT_PRODUCTS_DIR)/NavigationGraph.app/$(BUNDLE_EXECUTABLE_FOLDER_PATH)/NavigationGraph";
			};
			name = Release;
		};
		80EB17D32E22189E004B5638 /* Debug */ = {
			isa = XCBuildConfiguration;
			buildSettings = {
				CODE_SIGN_STYLE = Automatic;
				CURRENT_PROJECT_VERSION = 1;
				DEVELOPMENT_TEAM = L2JNG48FS5;
				GENERATE_INFOPLIST_FILE = YES;
				MARKETING_VERSION = 1.0;
				PRODUCT_BUNDLE_IDENTIFIER = com.straussmade.NavigationGraphUITests;
				PRODUCT_NAME = "$(TARGET_NAME)";
				STRING_CATALOG_GENERATE_SYMBOLS = NO;
				SWIFT_EMIT_LOC_STRINGS = NO;
				SWIFT_UPCOMING_FEATURE_MEMBER_IMPORT_VISIBILITY = YES;
				SWIFT_VERSION = 5.0;
				TARGETED_DEVICE_FAMILY = "1,2";
				TEST_TARGET_NAME = NavigationGraph;
			};
			name = Debug;
		};
		80EB17D42E22189E004B5638 /* Release */ = {
			isa = XCBuildConfiguration;
			buildSettings = {
				CODE_SIGN_STYLE = Automatic;
				CURRENT_PROJECT_VERSION = 1;
				DEVELOPMENT_TEAM = L2JNG48FS5;
				GENERATE_INFOPLIST_FILE = YES;
				MARKETING_VERSION = 1.0;
				PRODUCT_BUNDLE_IDENTIFIER = com.straussmade.NavigationGraphUITests;
				PRODUCT_NAME = "$(TARGET_NAME)";
				STRING_CATALOG_GENERATE_SYMBOLS = NO;
				SWIFT_EMIT_LOC_STRINGS = NO;
				SWIFT_UPCOMING_FEATURE_MEMBER_IMPORT_VISIBILITY = YES;
				SWIFT_VERSION = 5.0;
				TARGETED_DEVICE_FAMILY = "1,2";
				TEST_TARGET_NAME = NavigationGraph;
			};
			name = Release;
		};
/* End XCBuildConfiguration section */

/* Begin XCConfigurationList section */
		80EB17982E22189C004B5638 /* Build configuration list for PBXProject "NavigationGraph" */ = {
			isa = XCConfigurationList;
			buildConfigurations = (
				80EB17CD2E22189E004B5638 /* Debug */,
				80EB17CE2E22189E004B5638 /* Release */,
			);
			defaultConfigurationIsVisible = 0;
			defaultConfigurationName = Release;
		};
		80EB17CA2E22189E004B5638 /* Build configuration list for PBXNativeTarget "NavigationGraph" */ = {
			isa = XCConfigurationList;
			buildConfigurations = (
				80EB17CB2E22189E004B5638 /* Debug */,
				80EB17CC2E22189E004B5638 /* Release */,
			);
			defaultConfigurationIsVisible = 0;
			defaultConfigurationName = Release;
		};
		80EB17CF2E22189E004B5638 /* Build configuration list for PBXNativeTarget "NavigationGraphTests" */ = {
			isa = XCConfigurationList;
			buildConfigurations = (
				80EB17D02E22189E004B5638 /* Debug */,
				80EB17D12E22189E004B5638 /* Release */,
			);
			defaultConfigurationIsVisible = 0;
			defaultConfigurationName = Release;
		};
		80EB17D22E22189E004B5638 /* Build configuration list for PBXNativeTarget "NavigationGraphUITests" */ = {
			isa = XCConfigurationList;
			buildConfigurations = (
				80EB17D32E22189E004B5638 /* Debug */,
				80EB17D42E22189E004B5638 /* Release */,
			);
			defaultConfigurationIsVisible = 0;
			defaultConfigurationName = Release;
		};
/* End XCConfigurationList section */
	};
	rootObject = 80EB17952E22189C004B5638 /* Project object */;
}
